
Microsoft Visual Studio Solution File, Format Version 12.00
# Visual Studio 15
VisualStudioVersion = 15.0.27703.2026
MinimumVisualStudioVersion = 10.0.40219.1
Project("{8BC9CEB8-8B4A-11D0-8D11-00A0C91BC942}") = "HW1", "HW1\HW1.vcxproj", "{4D7BE1ED-82D4-44AE-95AA-3E57F4E42897}"
EndProject
Global
	GlobalSection(SolutionConfigurationPlatforms) = preSolution
		Debug|x64 = Debug|x64
		Debug|x86 = Debug|x86
		Release|x64 = Release|x64
		Release|x86 = Release|x86
	EndGlobalSection
	GlobalSection(ProjectConfigurationPlatforms) = postSolution
		{4D7BE1ED-82D4-44AE-95AA-3E57F4E42897}.Debug|x64.ActiveCfg = Debug|x64
		{4D7BE1ED-82D4-44AE-95AA-3E57F4E42897}.Debug|x64.Build.0 = Debug|x64
		{4D7BE1ED-82D4-44AE-95AA-3E57F4E42897}.Debug|x86.ActiveCfg = Debug|Win32
		{4D7BE1ED-82D4-44AE-95AA-3E57F4E42897}.Debug|x86.Build.0 = Debug|Win32
		{4D7BE1ED-82D4-44AE-95AA-3E57F4E42897}.Release|x64.ActiveCfg = Release|x64
		{4D7BE1ED-82D4-44AE-95AA-3E57F4E42897}.Release|x64.Build.0 = Release|x64
		{4D7BE1ED-82D4-44AE-95AA-3E57F4E42897}.Release|x86.ActiveCfg = Release|Win32
		{4D7BE1ED-82D4-44AE-95AA-3E57F4E42897}.Release|x86.Build.0 = Release|Win32
	EndGlobalSection
	GlobalSection(SolutionProperties) = preSolution
		HideSolutionNode = FALSE
	EndGlobalSection
	GlobalSection(ExtensibilityGlobals) = postSolution
		SolutionGuid = {C7C8F7CE-33A8-42D1-9E4F-3F5400017DD5}
	EndGlobalSection
EndGlobal
