
Microsoft Visual Studio Solution File, Format Version 12.00
# Visual Studio 15
VisualStudioVersion = 15.0.27703.2026
MinimumVisualStudioVersion = 10.0.40219.1
Project("{8BC9CEB8-8B4A-11D0-8D11-00A0C91BC942}") = "HW8", "HW8\HW8.vcxproj", "{26428050-C734-49F3-A899-CBFE9A18A83C}"
EndProject
Global
	GlobalSection(SolutionConfigurationPlatforms) = preSolution
		Debug|x64 = Debug|x64
		Debug|x86 = Debug|x86
		Release|x64 = Release|x64
		Release|x86 = Release|x86
	EndGlobalSection
	GlobalSection(ProjectConfigurationPlatforms) = postSolution
		{26428050-C734-49F3-A899-CBFE9A18A83C}.Debug|x64.ActiveCfg = Debug|x64
		{26428050-C734-49F3-A899-CBFE9A18A83C}.Debug|x64.Build.0 = Debug|x64
		{26428050-C734-49F3-A899-CBFE9A18A83C}.Debug|x86.ActiveCfg = Debug|Win32
		{26428050-C734-49F3-A899-CBFE9A18A83C}.Debug|x86.Build.0 = Debug|Win32
		{26428050-C734-49F3-A899-CBFE9A18A83C}.Release|x64.ActiveCfg = Release|x64
		{26428050-C734-49F3-A899-CBFE9A18A83C}.Release|x64.Build.0 = Release|x64
		{26428050-C734-49F3-A899-CBFE9A18A83C}.Release|x86.ActiveCfg = Release|Win32
		{26428050-C734-49F3-A899-CBFE9A18A83C}.Release|x86.Build.0 = Release|Win32
	EndGlobalSection
	GlobalSection(SolutionProperties) = preSolution
		HideSolutionNode = FALSE
	EndGlobalSection
	GlobalSection(ExtensibilityGlobals) = postSolution
		SolutionGuid = {A6B49FC8-DBDC-4704-98A9-3F33D0AE26D7}
	EndGlobalSection
EndGlobal
